
Microsoft Visual Studio Solution File, Format Version 12.00
# Visual Studio 15
VisualStudioVersion = 15.0.28307.1082
MinimumVisualStudioVersion = 10.0.40219.1
Project("{9A19103F-16F7-4668-BE54-9A1E7A4F7556}") = "DataAnalysisApi", "DataAnalisysApi\DataAnalysisApi.csproj", "{390A662D-5BFB-4163-A39B-C35E6CC39F75}"
EndProject
Project("{9A19103F-16F7-4668-BE54-9A1E7A4F7556}") = "DataAnalysis.Core", "DataAnalisysApi.Core\DataAnalysis.Core.csproj", "{19E9B706-1963-4E9A-B9F4-DC2B6233056B}"
EndProject
Project("{9A19103F-16F7-4668-BE54-9A1E7A4F7556}") = "DataAnalysis.Data", "DataAnalisysApi.Data\DataAnalysis.Data.csproj", "{3628807B-9F77-4A80-8624-6FA61BEC4B95}"
EndProject
Project("{9A19103F-16F7-4668-BE54-9A1E7A4F7556}") = "DataAnalysis.Abstract", "DataAnalisysApi.Abstract\DataAnalysis.Abstract.csproj", "{05D6C0CB-FEC6-42ED-BEC9-3144184596D4}"
EndProject
Project("{9A19103F-16F7-4668-BE54-9A1E7A4F7556}") = "DataAnalysis.Domain", "DataAnalisysApi.Domain\DataAnalysis.Domain.csproj", "{C71AF002-1C45-485C-81BA-98EB804B150A}"
EndProject
Global
	GlobalSection(SolutionConfigurationPlatforms) = preSolution
		Debug|Any CPU = Debug|Any CPU
		Release|Any CPU = Release|Any CPU
	EndGlobalSection
	GlobalSection(ProjectConfigurationPlatforms) = postSolution
		{390A662D-5BFB-4163-A39B-C35E6CC39F75}.Debug|Any CPU.ActiveCfg = Debug|Any CPU
		{390A662D-5BFB-4163-A39B-C35E6CC39F75}.Debug|Any CPU.Build.0 = Debug|Any CPU
		{390A662D-5BFB-4163-A39B-C35E6CC39F75}.Release|Any CPU.ActiveCfg = Release|Any CPU
		{390A662D-5BFB-4163-A39B-C35E6CC39F75}.Release|Any CPU.Build.0 = Release|Any CPU
		{19E9B706-1963-4E9A-B9F4-DC2B6233056B}.Debug|Any CPU.ActiveCfg = Debug|Any CPU
		{19E9B706-1963-4E9A-B9F4-DC2B6233056B}.Debug|Any CPU.Build.0 = Debug|Any CPU
		{19E9B706-1963-4E9A-B9F4-DC2B6233056B}.Release|Any CPU.ActiveCfg = Release|Any CPU
		{19E9B706-1963-4E9A-B9F4-DC2B6233056B}.Release|Any CPU.Build.0 = Release|Any CPU
		{3628807B-9F77-4A80-8624-6FA61BEC4B95}.Debug|Any CPU.ActiveCfg = Debug|Any CPU
		{3628807B-9F77-4A80-8624-6FA61BEC4B95}.Debug|Any CPU.Build.0 = Debug|Any CPU
		{3628807B-9F77-4A80-8624-6FA61BEC4B95}.Release|Any CPU.ActiveCfg = Release|Any CPU
		{3628807B-9F77-4A80-8624-6FA61BEC4B95}.Release|Any CPU.Build.0 = Release|Any CPU
		{05D6C0CB-FEC6-42ED-BEC9-3144184596D4}.Debug|Any CPU.ActiveCfg = Debug|Any CPU
		{05D6C0CB-FEC6-42ED-BEC9-3144184596D4}.Debug|Any CPU.Build.0 = Debug|Any CPU
		{05D6C0CB-FEC6-42ED-BEC9-3144184596D4}.Release|Any CPU.ActiveCfg = Release|Any CPU
		{05D6C0CB-FEC6-42ED-BEC9-3144184596D4}.Release|Any CPU.Build.0 = Release|Any CPU
		{C71AF002-1C45-485C-81BA-98EB804B150A}.Debug|Any CPU.ActiveCfg = Debug|Any CPU
		{C71AF002-1C45-485C-81BA-98EB804B150A}.Debug|Any CPU.Build.0 = Debug|Any CPU
		{C71AF002-1C45-485C-81BA-98EB804B150A}.Release|Any CPU.ActiveCfg = Release|Any CPU
		{C71AF002-1C45-485C-81BA-98EB804B150A}.Release|Any CPU.Build.0 = Release|Any CPU
	EndGlobalSection
	GlobalSection(SolutionProperties) = preSolution
		HideSolutionNode = FALSE
	EndGlobalSection
	GlobalSection(ExtensibilityGlobals) = postSolution
		SolutionGuid = {60B3D2E2-6791-4BFB-AE34-0212D81CCE6F}
	EndGlobalSection
EndGlobal
